{
  "lockfileVersion": 1,
  "configVersion": 1,
  "workspaces": {
    "": {
      "name": "backup",
      "dependencies": {
        "node-cron": "^4.2.1",
        "tar-stream": "^3.1.7",
      },
      "devDependencies": {
        "@types/bun": "latest",
        "@types/tar-stream": "^3.1.4",
        "oxfmt": "^0.21.0",
      },
      "peerDependencies": {
        "typescript": "^5",
      },
    },
  },
  "packages": {
    "@oxfmt/darwin-arm64": ["@oxfmt/darwin-arm64@0.21.0", "", { "os": "darwin", "cpu": "arm64" }, "sha512-defgGcchFCq2F7f5Nr3E4VXYW1sUhBGmIejgcPZ1gSsc8FAeT+vP5cSeGnDv+kcX+OKFDt89C67c31qZ6yZBsQ=="],

    "@oxfmt/darwin-x64": ["@oxfmt/darwin-x64@0.21.0", "", { "os": "darwin", "cpu": "x64" }, "sha512-rYJinOZRabPF2V3kn0TWX4vcYHV2F+DkGewNP8HZ/OXQ3CEJKP+E7KCnEz/x614g3/S5J7cahr9l5Mr3AEZigA=="],

    "@oxfmt/linux-arm64-gnu": ["@oxfmt/linux-arm64-gnu@0.21.0", "", { "os": "linux", "cpu": "arm64" }, "sha512-ILTv8stX3r2gK+pgSc2alJrbpI4i8zlLXzuuhUsjeEN/Ti//Z38MDi6kTov3pzcaBEnQ/xEMgQyczokp7jpyyQ=="],

    "@oxfmt/linux-arm64-musl": ["@oxfmt/linux-arm64-musl@0.21.0", "", { "os": "linux", "cpu": "arm64" }, "sha512-kFZ0vPJzsGjkrwq2MPEpp8TjV7/Znv9kCEwLF+HcFwvfcSt75dWloGmTRRrViH0ACaCM7YBSDUOV8E4nyLvxPA=="],

    "@oxfmt/linux-x64-gnu": ["@oxfmt/linux-x64-gnu@0.21.0", "", { "os": "linux", "cpu": "x64" }, "sha512-VH8ZcS2TkTBE0v9cLxjNGX++vB9Xvx/7VTFrbwHYzY/fYypYTwQ+n1KplUQoU+LrMC0nKqwPWYzvA5/cAfo5zg=="],

    "@oxfmt/linux-x64-musl": ["@oxfmt/linux-x64-musl@0.21.0", "", { "os": "linux", "cpu": "x64" }, "sha512-qleaVEFHw/kmbvNj3hjobX1kwbP2/d7SVJzQjyEFULou1v3EZj7jWbblIu7GmDCSspdiEk1j/pZDYH801Dn8QA=="],

    "@oxfmt/win32-arm64": ["@oxfmt/win32-arm64@0.21.0", "", { "os": "win32", "cpu": "arm64" }, "sha512-JLZUo5qEyJfxhoj6KEU/CqI8FQlzIP8rBq7qGTq0kCJ2yZJC9tysBqJYZXvX88ShiNe89/T/H3khodaKGBBNgg=="],

    "@oxfmt/win32-x64": ["@oxfmt/win32-x64@0.21.0", "", { "os": "win32", "cpu": "x64" }, "sha512-DYNpbuPzUhTuWUIqDhwSaV1mK+VcknD4ANaEON+/ygaNGriSZ4pRUt1BTRcXfcOF9GZ4BO9udjv31S0bAEsFeQ=="],

    "@types/bun": ["@types/bun@1.3.5", "", { "dependencies": { "bun-types": "1.3.5" } }, "sha512-RnygCqNrd3srIPEWBd5LFeUYG7plCoH2Yw9WaZGyNmdTEei+gWaHqydbaIRkIkcbXwhBT94q78QljxN0Sk838w=="],

    "@types/node": ["@types/node@25.0.3", "", { "dependencies": { "undici-types": "~7.16.0" } }, "sha512-W609buLVRVmeW693xKfzHeIV6nJGGz98uCPfeXI1ELMLXVeKYZ9m15fAMSaUPBHYLGFsVRcMmSCksQOrZV9BYA=="],

    "@types/tar-stream": ["@types/tar-stream@3.1.4", "", { "dependencies": { "@types/node": "*" } }, "sha512-921gW0+g29mCJX0fRvqeHzBlE/XclDaAG0Ousy1LCghsOhvaKacDeRGEVzQP9IPfKn8Vysy7FEXAIxycpc/CMg=="],

    "b4a": ["b4a@1.7.3", "", { "peerDependencies": { "react-native-b4a": "*" }, "optionalPeers": ["react-native-b4a"] }, "sha512-5Q2mfq2WfGuFp3uS//0s6baOJLMoVduPYVeNmDYxu5OUA1/cBfvr2RIS7vi62LdNj/urk1hfmj867I3qt6uZ7Q=="],

    "bare-events": ["bare-events@2.8.2", "", { "peerDependencies": { "bare-abort-controller": "*" }, "optionalPeers": ["bare-abort-controller"] }, "sha512-riJjyv1/mHLIPX4RwiK+oW9/4c3TEUeORHKefKAKnZ5kyslbN+HXowtbaVEqt4IMUB7OXlfixcs6gsFeo/jhiQ=="],

    "bun-types": ["bun-types@1.3.5", "", { "dependencies": { "@types/node": "*" } }, "sha512-inmAYe2PFLs0SUbFOWSVD24sg1jFlMPxOjOSSCYqUgn4Hsc3rDc7dFvfVYjFPNHtov6kgUeulV4SxbuIV/stPw=="],

    "events-universal": ["events-universal@1.0.1", "", { "dependencies": { "bare-events": "^2.7.0" } }, "sha512-LUd5euvbMLpwOF8m6ivPCbhQeSiYVNb8Vs0fQ8QjXo0JTkEHpz8pxdQf0gStltaPpw0Cca8b39KxvK9cfKRiAw=="],

    "fast-fifo": ["fast-fifo@1.3.2", "", {}, "sha512-/d9sfos4yxzpwkDkuN7k2SqFKtYNmCTzgfEpz82x34IM9/zc8KGxQoXg1liNC/izpRM/MBdt44Nmx41ZWqk+FQ=="],

    "node-cron": ["node-cron@4.2.1", "", {}, "sha512-lgimEHPE/QDgFlywTd8yTR61ptugX3Qer29efeyWw2rv259HtGBNn1vZVmp8lB9uo9wC0t/AT4iGqXxia+CJFg=="],

    "oxfmt": ["oxfmt@0.21.0", "", { "dependencies": { "tinypool": "2.0.0" }, "optionalDependencies": { "@oxfmt/darwin-arm64": "0.21.0", "@oxfmt/darwin-x64": "0.21.0", "@oxfmt/linux-arm64-gnu": "0.21.0", "@oxfmt/linux-arm64-musl": "0.21.0", "@oxfmt/linux-x64-gnu": "0.21.0", "@oxfmt/linux-x64-musl": "0.21.0", "@oxfmt/win32-arm64": "0.21.0", "@oxfmt/win32-x64": "0.21.0" }, "bin": { "oxfmt": "bin/oxfmt" } }, "sha512-EXK5pd1kGbI8hp9Ld69oy/ObAoe+gfH3dYHBviKqwSAHNkAHiqxWF1hnrWj5oun1GnQ8bVpqBMMVXJESMx6/+g=="],

    "streamx": ["streamx@2.23.0", "", { "dependencies": { "events-universal": "^1.0.0", "fast-fifo": "^1.3.2", "text-decoder": "^1.1.0" } }, "sha512-kn+e44esVfn2Fa/O0CPFcex27fjIL6MkVae0Mm6q+E6f0hWv578YCERbv+4m02cjxvDsPKLnmxral/rR6lBMAg=="],

    "tar-stream": ["tar-stream@3.1.7", "", { "dependencies": { "b4a": "^1.6.4", "fast-fifo": "^1.2.0", "streamx": "^2.15.0" } }, "sha512-qJj60CXt7IU1Ffyc3NJMjh6EkuCFej46zUqJ4J7pqYlThyd9bO0XBTmcOIhSzZJVWfsLks0+nle/j538YAW9RQ=="],

    "text-decoder": ["text-decoder@1.2.3", "", { "dependencies": { "b4a": "^1.6.4" } }, "sha512-3/o9z3X0X0fTupwsYvR03pJ/DjWuqqrfwBgTQzdWDiQSm9KitAyz/9WqsT2JQW7KV2m+bC2ol/zqpW37NHxLaA=="],

    "tinypool": ["tinypool@2.0.0", "", {}, "sha512-/RX9RzeH2xU5ADE7n2Ykvmi9ED3FBGPAjw9u3zucrNNaEBIO0HPSYgL0NT7+3p147ojeSdaVu08F6hjpv31HJg=="],

    "typescript": ["typescript@5.9.3", "", { "bin": { "tsc": "bin/tsc", "tsserver": "bin/tsserver" } }, "sha512-jl1vZzPDinLr9eUt3J/t7V6FgNEw9QjvBPdysz9KfQDD41fQrC2Y4vKQdiaUpFT4bXlb1RHhLpp8wtm6M5TgSw=="],

    "undici-types": ["undici-types@7.16.0", "", {}, "sha512-Zz+aZWSj8LE6zoxD+xrjh4VfkIG8Ya6LvYkZqtUQGJPZjYl53ypCaUwWqo7eI0x66KBGeRo+mlBEkMSeSZ38Nw=="],
  }
}
